
Microsoft Visual Studio Solution File, Format Version 12.00
# Visual Studio 15
VisualStudioVersion = 15.0.28307.757
MinimumVisualStudioVersion = 10.0.40219.1
Project("{FAE04EC0-301F-11D3-BF4B-00C04F79EFBC}") = "MMTAPI", "MMTAPI\MMTAPI.csproj", "{3C09CBFF-CB5B-49EE-AC2F-C60865ECAEDB}"
EndProject
Global
	GlobalSection(SolutionConfigurationPlatforms) = preSolution
		Debug|Any CPU = Debug|Any CPU
		Release|Any CPU = Release|Any CPU
	EndGlobalSection
	GlobalSection(ProjectConfigurationPlatforms) = postSolution
		{3C09CBFF-CB5B-49EE-AC2F-C60865ECAEDB}.Debug|Any CPU.ActiveCfg = Debug|Any CPU
		{3C09CBFF-CB5B-49EE-AC2F-C60865ECAEDB}.Debug|Any CPU.Build.0 = Debug|Any CPU
		{3C09CBFF-CB5B-49EE-AC2F-C60865ECAEDB}.Release|Any CPU.ActiveCfg = Release|Any CPU
		{3C09CBFF-CB5B-49EE-AC2F-C60865ECAEDB}.Release|Any CPU.Build.0 = Release|Any CPU
	EndGlobalSection
	GlobalSection(SolutionProperties) = preSolution
		HideSolutionNode = FALSE
	EndGlobalSection
	GlobalSection(ExtensibilityGlobals) = postSolution
		SolutionGuid = {0E2B7734-2C0A-4DD4-A4F6-548F584B65D1}
	EndGlobalSection
EndGlobal
