
Microsoft Visual Studio Solution File, Format Version 12.00
# Visual Studio 15
VisualStudioVersion = 15.0.28307.757
MinimumVisualStudioVersion = 10.0.40219.1
Project("{9A19103F-16F7-4668-BE54-9A1E7A4F7556}") = "MMTAPI", "MMTAPI\MMTAPI.csproj", "{D7B3585F-2A35-4D9B-B0BF-E11E563771FF}"
EndProject
Project("{FAE04EC0-301F-11D3-BF4B-00C04F79EFBC}") = "MMTUnitTests", "MMTUnitTests\MMTUnitTests.csproj", "{E13C9C9A-0DB2-4897-91E4-590CC622A0A3}"
EndProject
Global
	GlobalSection(SolutionConfigurationPlatforms) = preSolution
		Debug|Any CPU = Debug|Any CPU
		Release|Any CPU = Release|Any CPU
	EndGlobalSection
	GlobalSection(ProjectConfigurationPlatforms) = postSolution
		{D7B3585F-2A35-4D9B-B0BF-E11E563771FF}.Debug|Any CPU.ActiveCfg = Debug|Any CPU
		{D7B3585F-2A35-4D9B-B0BF-E11E563771FF}.Debug|Any CPU.Build.0 = Debug|Any CPU
		{D7B3585F-2A35-4D9B-B0BF-E11E563771FF}.Release|Any CPU.ActiveCfg = Release|Any CPU
		{D7B3585F-2A35-4D9B-B0BF-E11E563771FF}.Release|Any CPU.Build.0 = Release|Any CPU
		{E13C9C9A-0DB2-4897-91E4-590CC622A0A3}.Debug|Any CPU.ActiveCfg = Debug|Any CPU
		{E13C9C9A-0DB2-4897-91E4-590CC622A0A3}.Debug|Any CPU.Build.0 = Debug|Any CPU
		{E13C9C9A-0DB2-4897-91E4-590CC622A0A3}.Release|Any CPU.ActiveCfg = Release|Any CPU
		{E13C9C9A-0DB2-4897-91E4-590CC622A0A3}.Release|Any CPU.Build.0 = Release|Any CPU
	EndGlobalSection
	GlobalSection(SolutionProperties) = preSolution
		HideSolutionNode = FALSE
	EndGlobalSection
	GlobalSection(ExtensibilityGlobals) = postSolution
		SolutionGuid = {C0C5AF12-F38E-4EA1-84FE-0A08F7E99C83}
	EndGlobalSection
EndGlobal
